
Microsoft Visual Studio Solution File, Format Version 12.00
# Visual Studio 15
VisualStudioVersion = 15.0.28307.168
MinimumVisualStudioVersion = 10.0.40219.1
Project("{FAE04EC0-301F-11D3-BF4B-00C04F79EFBC}") = "Challenge 374 Easy Additive Persistence", "Challenge 374 Easy Additive Persistence\Challenge 374 Easy Additive Persistence.csproj", "{9E0EED54-BC11-4264-927D-D781FFF62A25}"
EndProject
Global
	GlobalSection(SolutionConfigurationPlatforms) = preSolution
		Debug|Any CPU = Debug|Any CPU
		Release|Any CPU = Release|Any CPU
	EndGlobalSection
	GlobalSection(ProjectConfigurationPlatforms) = postSolution
		{9E0EED54-BC11-4264-927D-D781FFF62A25}.Debug|Any CPU.ActiveCfg = Debug|Any CPU
		{9E0EED54-BC11-4264-927D-D781FFF62A25}.Debug|Any CPU.Build.0 = Debug|Any CPU
		{9E0EED54-BC11-4264-927D-D781FFF62A25}.Release|Any CPU.ActiveCfg = Release|Any CPU
		{9E0EED54-BC11-4264-927D-D781FFF62A25}.Release|Any CPU.Build.0 = Release|Any CPU
	EndGlobalSection
	GlobalSection(SolutionProperties) = preSolution
		HideSolutionNode = FALSE
	EndGlobalSection
	GlobalSection(ExtensibilityGlobals) = postSolution
		SolutionGuid = {4F13E337-FE78-494D-8F63-220447190EAE}
	EndGlobalSection
EndGlobal
